PODS:
  - AFNetworking (2.6.3):
    - AFNetworking/NSURLConnection (= 2.6.3)
    - AFNetworking/NSURLSession (= 2.6.3)
    - AFNetworking/Reachability (= 2.6.3)
    - AFNetworking/Security (= 2.6.3)
    - AFNetworking/Serialization (= 2.6.3)
    - AFNetworking/UIKit (= 2.6.3)
  - AFNetworking/NSURLConnection (2.6.3):
    - AFNetworking/Reachability
    - AFNetworking/Security
    - AFNetworking/Serialization
  - AFNetworking/NSURLSession (2.6.3):
    - AFNetworking/Reachability
    - AFNetworking/Security
    - AFNetworking/Serialization
  - AFNetworking/Reachability (2.6.3)
  - AFNetworking/Security (2.6.3)
  - AFNetworking/Serialization (2.6.3)
  - AFNetworking/UIKit (2.6.3):
    - AFNetworking/NSURLConnection
    - AFNetworking/NSURLSession
  - ALTextInputBar (1.0.10)
  - BDBOAuth1Manager (1.6.0):
    - AFNetworking/NSURLConnection (~> 2.6.0)
    - AFNetworking/NSURLSession (~> 2.6.0)
  - Bolts (1.6.0):
    - Bolts/AppLinks (= 1.6.0)
    - Bolts/Tasks (= 1.6.0)
  - Bolts/AppLinks (1.6.0):
    - Bolts/Tasks
  - Bolts/Tasks (1.6.0)
  - ChameleonFramework/Default (2.1.0)
  - ChameleonFramework/Swift (2.1.0):
    - ChameleonFramework/Default
  - FBSDKCoreKit (4.10.1):
    - Bolts (~> 1.5)
  - FBSDKLoginKit (4.10.1):
    - FBSDKCoreKit
  - GoogleMaps (1.13.0)
  - MBProgressHUD (0.9.2)
  - Parse (1.12.0):
    - Bolts/Tasks (~> 1.5)
  - ParseFacebookUtilsV4 (1.11.1):
    - Bolts/Tasks (>= 1.6)
    - FBSDKCoreKit (~> 4.10)
    - FBSDKLoginKit (~> 4.10)
    - FBSDKTVOSKit (~> 4.10)
    - Parse (~> 1.12)
  - ParseUI (1.2.0):
    - Bolts/Tasks (~> 1.3)
    - Parse (~> 1.9)
  - SlideMenuControllerSwift (2.1.0)

DEPENDENCIES:
  - AFNetworking (~> 2.5)
  - ALTextInputBar
  - BDBOAuth1Manager
  - ChameleonFramework/Swift (~> 2.1.0)
  - FBSDKCoreKit
  - FBSDKLoginKit
  - GoogleMaps
  - MBProgressHUD
  - Parse
  - ParseFacebookUtilsV4
  - ParseUI
  - SlideMenuControllerSwift

SPEC CHECKSUMS:
  AFNetworking: cb8d14a848e831097108418f5d49217339d4eb60
  ALTextInputBar: 8c65c9ad4e26d872baf51194314d0937034af376
  BDBOAuth1Manager: cd5a5872f355ca38180d52ca2dd844f0b0c84797
  Bolts: f52a250053bb517ca874523c3913776359ab3def
  ChameleonFramework: d21a3cc247abfe5e37609a283a8238b03575cf64
  FBSDKCoreKit: d2aaed5e9ab7d8d6301c533376a1fbff1cf3deb5
  FBSDKLoginKit: 699ff169080e3072de4b9b0faca90bf23dc36deb
  GoogleMaps: 7a6caeb8336d7cb42982e969fc9b1b20a889fe79
  MBProgressHUD: 1569cf7ace17a8bac47aabfbb8580a49690386d1
  Parse: de2c52a9a1421b91ae7594ab8ce191afd184f19b
  ParseFacebookUtilsV4: 2f30c2b7021c8005d3042781da7ef87d06589421
  ParseUI: af2eba584799da4a9fbdac0e178662d7438b502e
  SlideMenuControllerSwift: 0ed532750dc8574eefda189d0f25805bc967ab7a

COCOAPODS: 0.39.0
