// !$*UTF8*$!
{
	archiveVersion = 1;
	classes = {
	};
	objectVersion = 46;
	objects = {

/* Begin PBXBuildFile section */
		3B87EC291CA77D8D0045AF18 /* SearchFriendCell.swift in Sources */ = {isa = PBXBuildFile; fileRef = 3B87EC281CA77D8D0045AF18 /* SearchFriendCell.swift */; };
		3BA5970B1CAC7E2500D0E6C7 /* ChatView.storyboard in Resources */ = {isa = PBXBuildFile; fileRef = 3BA597091CAC7E2500D0E6C7 /* ChatView.storyboard */; };
		3BA5970E1CAC7F1F00D0E6C7 /* MemberMessageCell.swift in Sources */ = {isa = PBXBuildFile; fileRef = 3BA5970C1CAC7F1F00D0E6C7 /* MemberMessageCell.swift */; };
		3BA5970F1CAC7F1F00D0E6C7 /* MemberMessageCell.xib in Resources */ = {isa = PBXBuildFile; fileRef = 3BA5970D1CAC7F1F00D0E6C7 /* MemberMessageCell.xib */; };
		3BA597121CAC835F00D0E6C7 /* SelfMessageCell.swift in Sources */ = {isa = PBXBuildFile; fileRef = 3BA597101CAC835F00D0E6C7 /* SelfMessageCell.swift */; };
		3BA597131CAC835F00D0E6C7 /* SelfMessageCell.xib in Resources */ = {isa = PBXBuildFile; fileRef = 3BA597111CAC835F00D0E6C7 /* SelfMessageCell.xib */; };
		3BA597191CACA32600D0E6C7 /* ActivityProfileViewController.storyboard in Resources */ = {isa = PBXBuildFile; fileRef = 3BA597171CACA32600D0E6C7 /* ActivityProfileViewController.storyboard */; };
		3BD848AD1CA0EF2700E40A8B /* Activity.swift in Sources */ = {isa = PBXBuildFile; fileRef = 3BD848AC1CA0EF2700E40A8B /* Activity.swift */; };
		3BD848AF1CA0F21F00E40A8B /* Group.swift in Sources */ = {isa = PBXBuildFile; fileRef = 3BD848AE1CA0F21F00E40A8B /* Group.swift */; };
		3BD848B11CA0F8F200E40A8B /* Invitation.swift in Sources */ = {isa = PBXBuildFile; fileRef = 3BD848B01CA0F8F200E40A8B /* Invitation.swift */; };
		3BF4D2721CA73A1000126A91 /* AddFriendViewController.swift in Sources */ = {isa = PBXBuildFile; fileRef = 3BF4D2711CA73A1000126A91 /* AddFriendViewController.swift */; };
		A9F20DA4F0AE323B838DB4D6 /* Pods_Dine.framework in Frameworks */ = {isa = PBXBuildFile; fileRef = 420E646DC877272EF89BFF60 /* Pods_Dine.framework */; };
		C127F5701CA3885700D40088 /* Message.swift in Sources */ = {isa = PBXBuildFile; fileRef = C127F56F1CA3885700D40088 /* Message.swift */; };
		C127F5721CA394AD00D40088 /* GroupMember.swift in Sources */ = {isa = PBXBuildFile; fileRef = C127F5711CA394AD00D40088 /* GroupMember.swift */; };
		C12EB7DB1CA878AC004B80DF /* YYZAcceptButton.swift in Sources */ = {isa = PBXBuildFile; fileRef = C12EB7DA1CA878AC004B80DF /* YYZAcceptButton.swift */; };
		C17424861C9789D400125377 /* ColorTheme.swift in Sources */ = {isa = PBXBuildFile; fileRef = C17424851C9789D400125377 /* ColorTheme.swift */; };
		C17AABDD1C97E6B900CC83CF /* User.swift in Sources */ = {isa = PBXBuildFile; fileRef = C17AABDC1C97E6B900CC83CF /* User.swift */; };
		C17AABE01C984A7500CC83CF /* ParseAPI.swift in Sources */ = {isa = PBXBuildFile; fileRef = C17AABDF1C984A7500CC83CF /* ParseAPI.swift */; };
		C17AABE41C984EA100CC83CF /* YYZTextField.swift in Sources */ = {isa = PBXBuildFile; fileRef = C17AABE31C984EA100CC83CF /* YYZTextField.swift */; };
		C17AABE61C9851E200CC83CF /* YYZButton.swift in Sources */ = {isa = PBXBuildFile; fileRef = C17AABE51C9851E200CC83CF /* YYZButton.swift */; };
		C1A474BA1CA71C3500141692 /* Notifications.storyboard in Resources */ = {isa = PBXBuildFile; fileRef = C1A474B91CA71C3500141692 /* Notifications.storyboard */; };
		C1A474C11CA723D800141692 /* NotificationCell.swift in Sources */ = {isa = PBXBuildFile; fileRef = C1A474BF1CA723D800141692 /* NotificationCell.swift */; };
		C1A474C21CA723D800141692 /* NotificationCell.xib in Resources */ = {isa = PBXBuildFile; fileRef = C1A474C01CA723D800141692 /* NotificationCell.xib */; };
		C1A474C41CA72A3800141692 /* NotificationViewController.swift in Sources */ = {isa = PBXBuildFile; fileRef = C1A474C31CA72A3800141692 /* NotificationViewController.swift */; };
		C1A474C61CA72B0400141692 /* Notification.swift in Sources */ = {isa = PBXBuildFile; fileRef = C1A474C51CA72B0400141692 /* Notification.swift */; };
		C1AF836B1CA3BF6900E634E3 /* SignInSignOut.storyboard in Resources */ = {isa = PBXBuildFile; fileRef = C1AF83691CA3BF6900E634E3 /* SignInSignOut.storyboard */; };
		C1AF836D1CA3C17400E634E3 /* ActvitityCreater.storyboard in Resources */ = {isa = PBXBuildFile; fileRef = C1AF836C1CA3C17400E634E3 /* ActvitityCreater.storyboard */; };
		C1AF83721CA3C2D100E634E3 /* FriendList.storyboard in Resources */ = {isa = PBXBuildFile; fileRef = C1AF83711CA3C2D100E634E3 /* FriendList.storyboard */; };
		C1AF837A1CA3C48400E634E3 /* UserProfile.storyboard in Resources */ = {isa = PBXBuildFile; fileRef = C1AF83781CA3C48400E634E3 /* UserProfile.storyboard */; };
		C1AF837C1CA3C49100E634E3 /* Sidebar.storyboard in Resources */ = {isa = PBXBuildFile; fileRef = C1AF837B1CA3C49100E634E3 /* Sidebar.storyboard */; };
		C1D04F5D1C9E3056003EB3C9 /* SignUpPasswordViewController.swift in Sources */ = {isa = PBXBuildFile; fileRef = C1D04F5C1C9E3056003EB3C9 /* SignUpPasswordViewController.swift */; };
		C1D04F5F1C9E306E003EB3C9 /* SignUpNameViewController.swift in Sources */ = {isa = PBXBuildFile; fileRef = C1D04F5E1C9E306E003EB3C9 /* SignUpNameViewController.swift */; };
		C1D04F661C9E626C003EB3C9 /* SignUpViewController.swift in Sources */ = {isa = PBXBuildFile; fileRef = C1D04F651C9E626C003EB3C9 /* SignUpViewController.swift */; };
		C1F9785A1C97BDBF007CE2A3 /* ViewExt.swift in Sources */ = {isa = PBXBuildFile; fileRef = C1F978591C97BDBF007CE2A3 /* ViewExt.swift */; };
		C62937E51CAF097700E46009 /* ContainerViewController.swift in Sources */ = {isa = PBXBuildFile; fileRef = C62937E41CAF097700E46009 /* ContainerViewController.swift */; };
		C62937E91CAF183900E46009 /* UIViewController.swift in Sources */ = {isa = PBXBuildFile; fileRef = C62937E81CAF183900E46009 /* UIViewController.swift */; };
		C62937EB1CAF19F800E46009 /* UIApplication.swift in Sources */ = {isa = PBXBuildFile; fileRef = C62937EA1CAF19F800E46009 /* UIApplication.swift */; };
		C62937EE1CAF20BD00E46009 /* GroupChatView.storyboard in Resources */ = {isa = PBXBuildFile; fileRef = C62937EC1CAF20BD00E46009 /* GroupChatView.storyboard */; };
		C62937F11CAF230700E46009 /* Main.storyboard in Resources */ = {isa = PBXBuildFile; fileRef = C62937EF1CAF230700E46009 /* Main.storyboard */; };
		C63113541CA4578400C66952 /* YelpClient.swift in Sources */ = {isa = PBXBuildFile; fileRef = C63113531CA4578400C66952 /* YelpClient.swift */; };
		C63113561CA4579200C66952 /* Business.swift in Sources */ = {isa = PBXBuildFile; fileRef = C63113551CA4579200C66952 /* Business.swift */; };
		C63113581CA457AF00C66952 /* RestaurantCell.swift in Sources */ = {isa = PBXBuildFile; fileRef = C63113571CA457AF00C66952 /* RestaurantCell.swift */; };
		C631135A1CA48F2A00C66952 /* RestaurantProfileCell.swift in Sources */ = {isa = PBXBuildFile; fileRef = C63113591CA48F2A00C66952 /* RestaurantProfileCell.swift */; };
		C631135C1CA48F3D00C66952 /* RestaurantReviewCell.swift in Sources */ = {isa = PBXBuildFile; fileRef = C631135B1CA48F3D00C66952 /* RestaurantReviewCell.swift */; };
		C63113601CA4A59700C66952 /* MapCell.swift in Sources */ = {isa = PBXBuildFile; fileRef = C631135F1CA4A59700C66952 /* MapCell.swift */; };
		C63113631CA4B6C400C66952 /* ActivityCreatorViewController.swift in Sources */ = {isa = PBXBuildFile; fileRef = C63113621CA4B6C400C66952 /* ActivityCreatorViewController.swift */; };
		C67FF4781CAC264800EB256A /* GoogleDirectionsAPI.swift in Sources */ = {isa = PBXBuildFile; fileRef = C67FF4771CAC264800EB256A /* GoogleDirectionsAPI.swift */; };
		C67FF47A1CAC2E9500EB256A /* Route.swift in Sources */ = {isa = PBXBuildFile; fileRef = C67FF4791CAC2E9500EB256A /* Route.swift */; };
		C6913BC51CA306FC00115AF2 /* FriendCell.swift in Sources */ = {isa = PBXBuildFile; fileRef = C6913BC41CA306FC00115AF2 /* FriendCell.swift */; };
		C6913BE51CA3B93A00115AF2 /* RequestCell.swift in Sources */ = {isa = PBXBuildFile; fileRef = C6913BE41CA3B93A00115AF2 /* RequestCell.swift */; };
		C6EE09131C906F6200345357 /* AppDelegate.swift in Sources */ = {isa = PBXBuildFile; fileRef = C6EE09121C906F6200345357 /* AppDelegate.swift */; };
		C6EE091A1C906F6200345357 /* Assets.xcassets in Resources */ = {isa = PBXBuildFile; fileRef = C6EE09191C906F6200345357 /* Assets.xcassets */; };
		C6EE091D1C906F6200345357 /* LaunchScreen.storyboard in Resources */ = {isa = PBXBuildFile; fileRef = C6EE091B1C906F6200345357 /* LaunchScreen.storyboard */; };
		C6EE09281C94B81500345357 /* LoginViewController.swift in Sources */ = {isa = PBXBuildFile; fileRef = C6EE09271C94B81500345357 /* LoginViewController.swift */; };
		C6EE092A1C94B87700345357 /* EmailSignupViewController.swift in Sources */ = {isa = PBXBuildFile; fileRef = C6EE09291C94B87700345357 /* EmailSignupViewController.swift */; };
		C6EE092C1C96038700345357 /* MapViewController.swift in Sources */ = {isa = PBXBuildFile; fileRef = C6EE092B1C96038700345357 /* MapViewController.swift */; };
		C6EE092E1C96043B00345357 /* MapKit.framework in Frameworks */ = {isa = PBXBuildFile; fileRef = C6EE092D1C96043B00345357 /* MapKit.framework */; };
		C6EE09301C960ECA00345357 /* MapDetailView.swift in Sources */ = {isa = PBXBuildFile; fileRef = C6EE092F1C960ECA00345357 /* MapDetailView.swift */; };
		C6EE09321C960EDA00345357 /* MapDetailView.xib in Resources */ = {isa = PBXBuildFile; fileRef = C6EE09311C960EDA00345357 /* MapDetailView.xib */; };
		C6EE09341C960EFB00345357 /* MapAnnotation.swift in Sources */ = {isa = PBXBuildFile; fileRef = C6EE09331C960EFB00345357 /* MapAnnotation.swift */; };
		C6EE09361C96272900345357 /* CheckButton.swift in Sources */ = {isa = PBXBuildFile; fileRef = C6EE09351C96272900345357 /* CheckButton.swift */; };
		C6EE093C1C96355600345357 /* FriendsViewController.swift in Sources */ = {isa = PBXBuildFile; fileRef = C6EE093B1C96355500345357 /* FriendsViewController.swift */; };
		C6EE093E1C97207A00345357 /* SidebarMenuViewController.swift in Sources */ = {isa = PBXBuildFile; fileRef = C6EE093D1C97207A00345357 /* SidebarMenuViewController.swift */; };
		C6EE09401C972A4200345357 /* SidebarMenuHeaderView.swift in Sources */ = {isa = PBXBuildFile; fileRef = C6EE093F1C972A4200345357 /* SidebarMenuHeaderView.swift */; };
		C6EE09421C972A5700345357 /* SidebarMenuHeaderView.xib in Resources */ = {isa = PBXBuildFile; fileRef = C6EE09411C972A5700345357 /* SidebarMenuHeaderView.xib */; };
		C6EE09441C9742C200345357 /* UserProfileViewController.swift in Sources */ = {isa = PBXBuildFile; fileRef = C6EE09431C9742C200345357 /* UserProfileViewController.swift */; };
		C6EE09461C974EF100345357 /* ActivityProfileViewController.swift in Sources */ = {isa = PBXBuildFile; fileRef = C6EE09451C974EF100345357 /* ActivityProfileViewController.swift */; };
		C6EE09481C975F1200345357 /* ActivityProfileCell.swift in Sources */ = {isa = PBXBuildFile; fileRef = C6EE09471C975F1200345357 /* ActivityProfileCell.swift */; };
		C6EE094A1C975F7F00345357 /* ChatViewController.swift in Sources */ = {isa = PBXBuildFile; fileRef = C6EE09491C975F7F00345357 /* ChatViewController.swift */; };
		C6EE094C1C976D1A00345357 /* RestaurantPickerViewController.swift in Sources */ = {isa = PBXBuildFile; fileRef = C6EE094B1C976D1A00345357 /* RestaurantPickerViewController.swift */; };
		C6EE094E1C97754A00345357 /* RestaurantDetailViewController.swift in Sources */ = {isa = PBXBuildFile; fileRef = C6EE094D1C97754A00345357 /* RestaurantDetailViewController.swift */; };
/* End PBXBuildFile section */

/* Begin PBXFileReference section */
		1339928E4EE71C5793830748 /* Pods-Dine.debug.xcconfig */ = {isa = PBXFileReference; includeInIndex = 1; lastKnownFileType = text.xcconfig; name = "Pods-Dine.debug.xcconfig"; path = "Pods/Target Support Files/Pods-Dine/Pods-Dine.debug.xcconfig"; sourceTree = "<group>"; };
		3B5BB70C1CA3881F003D2EB3 /* Dine-Bridging-Header.h */ = {isa = PBXFileReference; lastKnownFileType = sourcecode.c.h; path = "Dine-Bridging-Header.h"; sourceTree = "<group>"; };
		3B87EC281CA77D8D0045AF18 /* SearchFriendCell.swift */ = {isa = PBXFileReference; fileEncoding = 4; lastKnownFileType = sourcecode.swift; path = SearchFriendCell.swift; sourceTree = "<group>"; };
		3BA5970A1CAC7E2500D0E6C7 /* Base */ = {isa = PBXFileReference; lastKnownFileType = file.storyboard; name = Base; path = Base.lproj/ChatView.storyboard; sourceTree = "<group>"; };
		3BA5970C1CAC7F1F00D0E6C7 /* MemberMessageCell.swift */ = {isa = PBXFileReference; fileEncoding = 4; lastKnownFileType = sourcecode.swift; path = MemberMessageCell.swift; sourceTree = "<group>"; };
		3BA5970D1CAC7F1F00D0E6C7 /* MemberMessageCell.xib */ = {isa = PBXFileReference; fileEncoding = 4; lastKnownFileType = file.xib; path = MemberMessageCell.xib; sourceTree = "<group>"; };
		3BA597101CAC835F00D0E6C7 /* SelfMessageCell.swift */ = {isa = PBXFileReference; fileEncoding = 4; lastKnownFileType = sourcecode.swift; path = SelfMessageCell.swift; sourceTree = "<group>"; };
		3BA597111CAC835F00D0E6C7 /* SelfMessageCell.xib */ = {isa = PBXFileReference; fileEncoding = 4; lastKnownFileType = file.xib; path = SelfMessageCell.xib; sourceTree = "<group>"; };
		3BA597181CACA32600D0E6C7 /* Base */ = {isa = PBXFileReference; lastKnownFileType = file.storyboard; name = Base; path = Base.lproj/ActivityProfileViewController.storyboard; sourceTree = "<group>"; };
		3BD848AC1CA0EF2700E40A8B /* Activity.swift */ = {isa = PBXFileReference; fileEncoding = 4; lastKnownFileType = sourcecode.swift; path = Activity.swift; sourceTree = "<group>"; };
		3BD848AE1CA0F21F00E40A8B /* Group.swift */ = {isa = PBXFileReference; fileEncoding = 4; lastKnownFileType = sourcecode.swift; path = Group.swift; sourceTree = "<group>"; };
		3BD848B01CA0F8F200E40A8B /* Invitation.swift */ = {isa = PBXFileReference; fileEncoding = 4; lastKnownFileType = sourcecode.swift; path = Invitation.swift; sourceTree = "<group>"; };
		3BF4D2711CA73A1000126A91 /* AddFriendViewController.swift */ = {isa = PBXFileReference; fileEncoding = 4; lastKnownFileType = sourcecode.swift; path = AddFriendViewController.swift; sourceTree = "<group>"; };
		420E646DC877272EF89BFF60 /* Pods_Dine.framework */ = {isa = PBXFileReference; explicitFileType = wrapper.framework; includeInIndex = 0; path = Pods_Dine.framework; sourceTree = BUILT_PRODUCTS_DIR; };
		C127F56F1CA3885700D40088 /* Message.swift */ = {isa = PBXFileReference; fileEncoding = 4; lastKnownFileType = sourcecode.swift; path = Message.swift; sourceTree = "<group>"; };
		C127F5711CA394AD00D40088 /* GroupMember.swift */ = {isa = PBXFileReference; fileEncoding = 4; lastKnownFileType = sourcecode.swift; path = GroupMember.swift; sourceTree = "<group>"; };
		C12EB7DA1CA878AC004B80DF /* YYZAcceptButton.swift */ = {isa = PBXFileReference; fileEncoding = 4; lastKnownFileType = sourcecode.swift; path = YYZAcceptButton.swift; sourceTree = "<group>"; };
		C17424851C9789D400125377 /* ColorTheme.swift */ = {isa = PBXFileReference; fileEncoding = 4; lastKnownFileType = sourcecode.swift; path = ColorTheme.swift; sourceTree = "<group>"; };
		C17AABDC1C97E6B900CC83CF /* User.swift */ = {isa = PBXFileReference; fileEncoding = 4; lastKnownFileType = sourcecode.swift; path = User.swift; sourceTree = "<group>"; };
		C17AABDF1C984A7500CC83CF /* ParseAPI.swift */ = {isa = PBXFileReference; fileEncoding = 4; lastKnownFileType = sourcecode.swift; path = ParseAPI.swift; sourceTree = "<group>"; };
		C17AABE31C984EA100CC83CF /* YYZTextField.swift */ = {isa = PBXFileReference; fileEncoding = 4; lastKnownFileType = sourcecode.swift; path = YYZTextField.swift; sourceTree = "<group>"; };
		C17AABE51C9851E200CC83CF /* YYZButton.swift */ = {isa = PBXFileReference; fileEncoding = 4; lastKnownFileType = sourcecode.swift; path = YYZButton.swift; sourceTree = "<group>"; };
		C1A474B91CA71C3500141692 /* Notifications.storyboard */ = {isa = PBXFileReference; fileEncoding = 4; lastKnownFileType = file.storyboard; path = Notifications.storyboard; sourceTree = "<group>"; };
		C1A474BF1CA723D800141692 /* NotificationCell.swift */ = {isa = PBXFileReference; fileEncoding = 4; lastKnownFileType = sourcecode.swift; path = NotificationCell.swift; sourceTree = "<group>"; };
		C1A474C01CA723D800141692 /* NotificationCell.xib */ = {isa = PBXFileReference; fileEncoding = 4; lastKnownFileType = file.xib; path = NotificationCell.xib; sourceTree = "<group>"; };
		C1A474C31CA72A3800141692 /* NotificationViewController.swift */ = {isa = PBXFileReference; fileEncoding = 4; lastKnownFileType = sourcecode.swift; path = NotificationViewController.swift; sourceTree = "<group>"; };
		C1A474C51CA72B0400141692 /* Notification.swift */ = {isa = PBXFileReference; fileEncoding = 4; lastKnownFileType = sourcecode.swift; path = Notification.swift; sourceTree = "<group>"; };
		C1AF836A1CA3BF6900E634E3 /* Base */ = {isa = PBXFileReference; lastKnownFileType = file.storyboard; name = Base; path = Base.lproj/SignInSignOut.storyboard; sourceTree = "<group>"; };
		C1AF836C1CA3C17400E634E3 /* ActvitityCreater.storyboard */ = {isa = PBXFileReference; fileEncoding = 4; lastKnownFileType = file.storyboard; path = ActvitityCreater.storyboard; sourceTree = "<group>"; };
		C1AF83711CA3C2D100E634E3 /* FriendList.storyboard */ = {isa = PBXFileReference; fileEncoding = 4; lastKnownFileType = file.storyboard; path = FriendList.storyboard; sourceTree = "<group>"; };
		C1AF83791CA3C48400E634E3 /* Base */ = {isa = PBXFileReference; lastKnownFileType = file.storyboard; name = Base; path = Base.lproj/UserProfile.storyboard; sourceTree = "<group>"; };
		C1AF837B1CA3C49100E634E3 /* Sidebar.storyboard */ = {isa = PBXFileReference; fileEncoding = 4; lastKnownFileType = file.storyboard; path = Sidebar.storyboard; sourceTree = "<group>"; };
		C1D04F5C1C9E3056003EB3C9 /* SignUpPasswordViewController.swift */ = {isa = PBXFileReference; fileEncoding = 4; lastKnownFileType = sourcecode.swift; path = SignUpPasswordViewController.swift; sourceTree = "<group>"; };
		C1D04F5E1C9E306E003EB3C9 /* SignUpNameViewController.swift */ = {isa = PBXFileReference; fileEncoding = 4; lastKnownFileType = sourcecode.swift; path = SignUpNameViewController.swift; sourceTree = "<group>"; };
		C1D04F651C9E626C003EB3C9 /* SignUpViewController.swift */ = {isa = PBXFileReference; fileEncoding = 4; lastKnownFileType = sourcecode.swift; path = SignUpViewController.swift; sourceTree = "<group>"; };
		C1F978591C97BDBF007CE2A3 /* ViewExt.swift */ = {isa = PBXFileReference; fileEncoding = 4; lastKnownFileType = sourcecode.swift; path = ViewExt.swift; sourceTree = "<group>"; };
		C62937E41CAF097700E46009 /* ContainerViewController.swift */ = {isa = PBXFileReference; fileEncoding = 4; lastKnownFileType = sourcecode.swift; path = ContainerViewController.swift; sourceTree = "<group>"; };
		C62937E81CAF183900E46009 /* UIViewController.swift */ = {isa = PBXFileReference; fileEncoding = 4; lastKnownFileType = sourcecode.swift; path = UIViewController.swift; sourceTree = "<group>"; };
		C62937EA1CAF19F800E46009 /* UIApplication.swift */ = {isa = PBXFileReference; fileEncoding = 4; lastKnownFileType = sourcecode.swift; path = UIApplication.swift; sourceTree = "<group>"; };
		C62937ED1CAF20BD00E46009 /* Base */ = {isa = PBXFileReference; lastKnownFileType = file.storyboard; name = Base; path = Base.lproj/GroupChatView.storyboard; sourceTree = "<group>"; };
		C62937F01CAF230700E46009 /* Base */ = {isa = PBXFileReference; lastKnownFileType = file.storyboard; name = Base; path = Base.lproj/Main.storyboard; sourceTree = "<group>"; };
		C63113531CA4578400C66952 /* YelpClient.swift */ = {isa = PBXFileReference; fileEncoding = 4; lastKnownFileType = sourcecode.swift; name = YelpClient.swift; path = Yelp/API/YelpClient.swift; sourceTree = SOURCE_ROOT; };
		C63113551CA4579200C66952 /* Business.swift */ = {isa = PBXFileReference; fileEncoding = 4; lastKnownFileType = sourcecode.swift; name = Business.swift; path = Yelp/Models/Business.swift; sourceTree = SOURCE_ROOT; };
		C63113571CA457AF00C66952 /* RestaurantCell.swift */ = {isa = PBXFileReference; fileEncoding = 4; lastKnownFileType = sourcecode.swift; path = RestaurantCell.swift; sourceTree = "<group>"; };
		C63113591CA48F2A00C66952 /* RestaurantProfileCell.swift */ = {isa = PBXFileReference; fileEncoding = 4; lastKnownFileType = sourcecode.swift; path = RestaurantProfileCell.swift; sourceTree = "<group>"; };
		C631135B1CA48F3D00C66952 /* RestaurantReviewCell.swift */ = {isa = PBXFileReference; fileEncoding = 4; lastKnownFileType = sourcecode.swift; path = RestaurantReviewCell.swift; sourceTree = "<group>"; };
		C631135F1CA4A59700C66952 /* MapCell.swift */ = {isa = PBXFileReference; fileEncoding = 4; lastKnownFileType = sourcecode.swift; path = MapCell.swift; sourceTree = "<group>"; };
		C63113621CA4B6C400C66952 /* ActivityCreatorViewController.swift */ = {isa = PBXFileReference; fileEncoding = 4; lastKnownFileType = sourcecode.swift; path = ActivityCreatorViewController.swift; sourceTree = "<group>"; };
		C67FF4771CAC264800EB256A /* GoogleDirectionsAPI.swift */ = {isa = PBXFileReference; fileEncoding = 4; lastKnownFileType = sourcecode.swift; path = GoogleDirectionsAPI.swift; sourceTree = "<group>"; };
		C67FF4791CAC2E9500EB256A /* Route.swift */ = {isa = PBXFileReference; fileEncoding = 4; lastKnownFileType = sourcecode.swift; path = Route.swift; sourceTree = "<group>"; };
		C6913BC41CA306FC00115AF2 /* FriendCell.swift */ = {isa = PBXFileReference; fileEncoding = 4; lastKnownFileType = sourcecode.swift; path = FriendCell.swift; sourceTree = "<group>"; };
		C6913BE41CA3B93A00115AF2 /* RequestCell.swift */ = {isa = PBXFileReference; fileEncoding = 4; lastKnownFileType = sourcecode.swift; path = RequestCell.swift; sourceTree = "<group>"; };
		C6A3071F68AFEDB657083F9B /* Pods-Dine.release.xcconfig */ = {isa = PBXFileReference; includeInIndex = 1; lastKnownFileType = text.xcconfig; name = "Pods-Dine.release.xcconfig"; path = "Pods/Target Support Files/Pods-Dine/Pods-Dine.release.xcconfig"; sourceTree = "<group>"; };
		C6EE090F1C906F6200345357 /* Dine.app */ = {isa = PBXFileReference; explicitFileType = wrapper.application; includeInIndex = 0; path = Dine.app; sourceTree = BUILT_PRODUCTS_DIR; };
		C6EE09121C906F6200345357 /* AppDelegate.swift */ = {isa = PBXFileReference; lastKnownFileType = sourcecode.swift; path = AppDelegate.swift; sourceTree = "<group>"; };
		C6EE09191C906F6200345357 /* Assets.xcassets */ = {isa = PBXFileReference; lastKnownFileType = folder.assetcatalog; path = Assets.xcassets; sourceTree = "<group>"; };
		C6EE091C1C906F6200345357 /* Base */ = {isa = PBXFileReference; lastKnownFileType = file.storyboard; name = Base; path = Base.lproj/LaunchScreen.storyboard; sourceTree = "<group>"; };
		C6EE091E1C906F6200345357 /* Info.plist */ = {isa = PBXFileReference; lastKnownFileType = text.plist.xml; path = Info.plist; sourceTree = "<group>"; };
		C6EE09271C94B81500345357 /* LoginViewController.swift */ = {isa = PBXFileReference; fileEncoding = 4; lastKnownFileType = sourcecode.swift; path = LoginViewController.swift; sourceTree = "<group>"; };
		C6EE09291C94B87700345357 /* EmailSignupViewController.swift */ = {isa = PBXFileReference; fileEncoding = 4; lastKnownFileType = sourcecode.swift; path = EmailSignupViewController.swift; sourceTree = "<group>"; };
		C6EE092B1C96038700345357 /* MapViewController.swift */ = {isa = PBXFileReference; fileEncoding = 4; lastKnownFileType = sourcecode.swift; path = MapViewController.swift; sourceTree = "<group>"; };
		C6EE092D1C96043B00345357 /* MapKit.framework */ = {isa = PBXFileReference; lastKnownFileType = wrapper.framework; name = MapKit.framework; path = System/Library/Frameworks/MapKit.framework; sourceTree = SDKROOT; };
		C6EE092F1C960ECA00345357 /* MapDetailView.swift */ = {isa = PBXFileReference; fileEncoding = 4; lastKnownFileType = sourcecode.swift; path = MapDetailView.swift; sourceTree = "<group>"; };
		C6EE09311C960EDA00345357 /* MapDetailView.xib */ = {isa = PBXFileReference; fileEncoding = 4; lastKnownFileType = file.xib; path = MapDetailView.xib; sourceTree = "<group>"; };
		C6EE09331C960EFB00345357 /* MapAnnotation.swift */ = {isa = PBXFileReference; fileEncoding = 4; lastKnownFileType = sourcecode.swift; path = MapAnnotation.swift; sourceTree = "<group>"; };
		C6EE09351C96272900345357 /* CheckButton.swift */ = {isa = PBXFileReference; fileEncoding = 4; lastKnownFileType = sourcecode.swift; path = CheckButton.swift; sourceTree = "<group>"; };
		C6EE093B1C96355500345357 /* FriendsViewController.swift */ = {isa = PBXFileReference; fileEncoding = 4; lastKnownFileType = sourcecode.swift; path = FriendsViewController.swift; sourceTree = "<group>"; };
		C6EE093D1C97207A00345357 /* SidebarMenuViewController.swift */ = {isa = PBXFileReference; fileEncoding = 4; lastKnownFileType = sourcecode.swift; path = SidebarMenuViewController.swift; sourceTree = "<group>"; };
		C6EE093F1C972A4200345357 /* SidebarMenuHeaderView.swift */ = {isa = PBXFileReference; fileEncoding = 4; lastKnownFileType = sourcecode.swift; path = SidebarMenuHeaderView.swift; sourceTree = "<group>"; };
		C6EE09411C972A5700345357 /* SidebarMenuHeaderView.xib */ = {isa = PBXFileReference; fileEncoding = 4; lastKnownFileType = file.xib; path = SidebarMenuHeaderView.xib; sourceTree = "<group>"; };
		C6EE09431C9742C200345357 /* UserProfileViewController.swift */ = {isa = PBXFileReference; fileEncoding = 4; lastKnownFileType = sourcecode.swift; path = UserProfileViewController.swift; sourceTree = "<group>"; };
		C6EE09451C974EF100345357 /* ActivityProfileViewController.swift */ = {isa = PBXFileReference; fileEncoding = 4; lastKnownFileType = sourcecode.swift; path = ActivityProfileViewController.swift; sourceTree = "<group>"; };
		C6EE09471C975F1200345357 /* ActivityProfileCell.swift */ = {isa = PBXFileReference; fileEncoding = 4; lastKnownFileType = sourcecode.swift; path = ActivityProfileCell.swift; sourceTree = "<group>"; };
		C6EE09491C975F7F00345357 /* ChatViewController.swift */ = {isa = PBXFileReference; fileEncoding = 4; lastKnownFileType = sourcecode.swift; path = ChatViewController.swift; sourceTree = "<group>"; };
		C6EE094B1C976D1A00345357 /* RestaurantPickerViewController.swift */ = {isa = PBXFileReference; fileEncoding = 4; lastKnownFileType = sourcecode.swift; path = RestaurantPickerViewController.swift; sourceTree = "<group>"; };
		C6EE094D1C97754A00345357 /* RestaurantDetailViewController.swift */ = {isa = PBXFileReference; fileEncoding = 4; lastKnownFileType = sourcecode.swift; path = RestaurantDetailViewController.swift; sourceTree = "<group>"; };
/* End PBXFileReference section */

/* Begin PBXFrameworksBuildPhase section */
		C6EE090C1C906F6200345357 /* Frameworks */ = {
			isa = PBXFrameworksBuildPhase;
			buildActionMask = 2147483647;
			files = (
				C6EE092E1C96043B00345357 /* MapKit.framework in Frameworks */,
				A9F20DA4F0AE323B838DB4D6 /* Pods_Dine.framework in Frameworks */,
			);
			runOnlyForDeploymentPostprocessing = 0;
		};
/* End PBXFrameworksBuildPhase section */

/* Begin PBXGroup section */
		9A2698932E8848FD28CBC6FC /* Pods */ = {
			isa = PBXGroup;
			children = (
				1339928E4EE71C5793830748 /* Pods-Dine.debug.xcconfig */,
				C6A3071F68AFEDB657083F9B /* Pods-Dine.release.xcconfig */,
			);
			name = Pods;
			sourceTree = "<group>";
		};
		B5ABDE052960DFF3EC36D251 /* Frameworks */ = {
			isa = PBXGroup;
			children = (
				C6EE092D1C96043B00345357 /* MapKit.framework */,
				420E646DC877272EF89BFF60 /* Pods_Dine.framework */,
			);
			name = Frameworks;
			sourceTree = "<group>";
		};
		C17424841C9785C300125377 /* Helpers */ = {
			isa = PBXGroup;
			children = (
				C17424851C9789D400125377 /* ColorTheme.swift */,
				C1F978591C97BDBF007CE2A3 /* ViewExt.swift */,
			);
			name = Helpers;
			sourceTree = "<group>";
		};
		C17AABDE1C984A6100CC83CF /* API */ = {
			isa = PBXGroup;
			children = (
				C63113531CA4578400C66952 /* YelpClient.swift */,
				C17AABDF1C984A7500CC83CF /* ParseAPI.swift */,
				C67FF4771CAC264800EB256A /* GoogleDirectionsAPI.swift */,
			);
			name = API;
			sourceTree = "<group>";
		};
		C1D04F621C9E3161003EB3C9 /* LoginSignUp */ = {
			isa = PBXGroup;
			children = (
				C6EE09271C94B81500345357 /* LoginViewController.swift */,
				C1D04F651C9E626C003EB3C9 /* SignUpViewController.swift */,
				C6EE09291C94B87700345357 /* EmailSignupViewController.swift */,
				C1D04F5C1C9E3056003EB3C9 /* SignUpPasswordViewController.swift */,
				C1D04F5E1C9E306E003EB3C9 /* SignUpNameViewController.swift */,
			);
			name = LoginSignUp;
			sourceTree = "<group>";
		};
		C62937E61CAF13DD00E46009 /* Menu */ = {
			isa = PBXGroup;
			children = (
				C6EE093D1C97207A00345357 /* SidebarMenuViewController.swift */,
				C6EE092B1C96038700345357 /* MapViewController.swift */,
				C6EE093B1C96355500345357 /* FriendsViewController.swift */,
				C1A474C31CA72A3800141692 /* NotificationViewController.swift */,
				C62937E41CAF097700E46009 /* ContainerViewController.swift */,
			);
			name = Menu;
			sourceTree = "<group>";
		};
		C62937E71CAF182500E46009 /* Extension */ = {
			isa = PBXGroup;
			children = (
				C62937E81CAF183900E46009 /* UIViewController.swift */,
				C62937EA1CAF19F800E46009 /* UIApplication.swift */,
			);
			name = Extension;
			sourceTree = "<group>";
		};
		C631135D1CA4A55A00C66952 /* Restaurant */ = {
			isa = PBXGroup;
			children = (
				C6913BE41CA3B93A00115AF2 /* RequestCell.swift */,
				C63113571CA457AF00C66952 /* RestaurantCell.swift */,
				C63113591CA48F2A00C66952 /* RestaurantProfileCell.swift */,
				C631135B1CA48F3D00C66952 /* RestaurantReviewCell.swift */,
				C631135F1CA4A59700C66952 /* MapCell.swift */,
			);
			name = Restaurant;
			sourceTree = "<group>";
		};
		C631135E1CA4A56D00C66952 /* Map */ = {
			isa = PBXGroup;
			children = (
				C6EE092F1C960ECA00345357 /* MapDetailView.swift */,
				C6EE09311C960EDA00345357 /* MapDetailView.xib */,
				C6EE09331C960EFB00345357 /* MapAnnotation.swift */,
			);
			name = Map;
			sourceTree = "<group>";
		};
		C63113611CA4B66B00C66952 /* ActivityCreator */ = {
			isa = PBXGroup;
			children = (
				C6EE094B1C976D1A00345357 /* RestaurantPickerViewController.swift */,
				C6EE094D1C97754A00345357 /* RestaurantDetailViewController.swift */,
				C63113621CA4B6C400C66952 /* ActivityCreatorViewController.swift */,
			);
			name = ActivityCreator;
			sourceTree = "<group>";
		};
		C6EE09061C906F6200345357 = {
			isa = PBXGroup;
			children = (
				C6EE09111C906F6200345357 /* Dine */,
				C6EE09101C906F6200345357 /* Products */,
				9A2698932E8848FD28CBC6FC /* Pods */,
				B5ABDE052960DFF3EC36D251 /* Frameworks */,
				3B5BB70C1CA3881F003D2EB3 /* Dine-Bridging-Header.h */,
			);
			sourceTree = "<group>";
		};
		C6EE09101C906F6200345357 /* Products */ = {
			isa = PBXGroup;
			children = (
				C6EE090F1C906F6200345357 /* Dine.app */,
			);
			name = Products;
			sourceTree = "<group>";
		};
		C6EE09111C906F6200345357 /* Dine */ = {
			isa = PBXGroup;
			children = (
				C6EE09121C906F6200345357 /* AppDelegate.swift */,
				C62937E71CAF182500E46009 /* Extension */,
				C17AABDE1C984A6100CC83CF /* API */,
				C17424841C9785C300125377 /* Helpers */,
				C6EE09261C90710400345357 /* Models */,
				C6EE09251C9070F700345357 /* Views */,
				C6EE09241C9070ED00345357 /* View Controllers */,
				C1AF837B1CA3C49100E634E3 /* Sidebar.storyboard */,
				C62937EF1CAF230700E46009 /* Main.storyboard */,
				C62937EC1CAF20BD00E46009 /* GroupChatView.storyboard */,
				C1AF83711CA3C2D100E634E3 /* FriendList.storyboard */,
				C1A474B91CA71C3500141692 /* Notifications.storyboard */,
				C1AF83781CA3C48400E634E3 /* UserProfile.storyboard */,
				3BA597171CACA32600D0E6C7 /* ActivityProfileViewController.storyboard */,
				3BA597091CAC7E2500D0E6C7 /* ChatView.storyboard */,
				C1AF836C1CA3C17400E634E3 /* ActvitityCreater.storyboard */,
				C1AF83691CA3BF6900E634E3 /* SignInSignOut.storyboard */,
				C6EE09191C906F6200345357 /* Assets.xcassets */,
				C6EE091B1C906F6200345357 /* LaunchScreen.storyboard */,
				C6EE091E1C906F6200345357 /* Info.plist */,
			);
			path = Dine;
			sourceTree = "<group>";
		};
		C6EE09241C9070ED00345357 /* View Controllers */ = {
			isa = PBXGroup;
			children = (
				C62937E61CAF13DD00E46009 /* Menu */,
				C63113611CA4B66B00C66952 /* ActivityCreator */,
				C1D04F621C9E3161003EB3C9 /* LoginSignUp */,
				C6EE09431C9742C200345357 /* UserProfileViewController.swift */,
				C6EE09451C974EF100345357 /* ActivityProfileViewController.swift */,
				C6EE09491C975F7F00345357 /* ChatViewController.swift */,
				3BF4D2711CA73A1000126A91 /* AddFriendViewController.swift */,
			);
			name = "View Controllers";
			sourceTree = "<group>";
		};
		C6EE09251C9070F700345357 /* Views */ = {
			isa = PBXGroup;
			children = (
				C6EE09351C96272900345357 /* CheckButton.swift */,
				C631135E1CA4A56D00C66952 /* Map */,
				C631135D1CA4A55A00C66952 /* Restaurant */,
				C6EE093F1C972A4200345357 /* SidebarMenuHeaderView.swift */,
				C6EE09411C972A5700345357 /* SidebarMenuHeaderView.xib */,
				C6EE09471C975F1200345357 /* ActivityProfileCell.swift */,
				C17AABE31C984EA100CC83CF /* YYZTextField.swift */,
				C17AABE51C9851E200CC83CF /* YYZButton.swift */,
				C6913BC41CA306FC00115AF2 /* FriendCell.swift */,
				3B87EC281CA77D8D0045AF18 /* SearchFriendCell.swift */,
				C1A474BF1CA723D800141692 /* NotificationCell.swift */,
				C1A474C01CA723D800141692 /* NotificationCell.xib */,
				C12EB7DA1CA878AC004B80DF /* YYZAcceptButton.swift */,
				3BA5970C1CAC7F1F00D0E6C7 /* MemberMessageCell.swift */,
				3BA5970D1CAC7F1F00D0E6C7 /* MemberMessageCell.xib */,
				3BA597101CAC835F00D0E6C7 /* SelfMessageCell.swift */,
				3BA597111CAC835F00D0E6C7 /* SelfMessageCell.xib */,
			);
			name = Views;
			sourceTree = "<group>";
		};
		C6EE09261C90710400345357 /* Models */ = {
			isa = PBXGroup;
			children = (
				C63113551CA4579200C66952 /* Business.swift */,
				C17AABDC1C97E6B900CC83CF /* User.swift */,
				3BD848AC1CA0EF2700E40A8B /* Activity.swift */,
				3BD848AE1CA0F21F00E40A8B /* Group.swift */,
				3BD848B01CA0F8F200E40A8B /* Invitation.swift */,
				C127F56F1CA3885700D40088 /* Message.swift */,
				C127F5711CA394AD00D40088 /* GroupMember.swift */,
				C1A474C51CA72B0400141692 /* Notification.swift */,
				C67FF4791CAC2E9500EB256A /* Route.swift */,
			);
			name = Models;
			sourceTree = "<group>";
		};
/* End PBXGroup section */

/* Begin PBXNativeTarget section */
		C6EE090E1C906F6200345357 /* Dine */ = {
			isa = PBXNativeTarget;
			buildConfigurationList = C6EE09211C906F6200345357 /* Build configuration list for PBXNativeTarget "Dine" */;
			buildPhases = (
				9930A2828525CF5EF3789656 /* Check Pods Manifest.lock */,
				C6EE090B1C906F6200345357 /* Sources */,
				C6EE090C1C906F6200345357 /* Frameworks */,
				C6EE090D1C906F6200345357 /* Resources */,
				DB9C6788AEAB912DF89EFFB0 /* Embed Pods Frameworks */,
				F111BE7DB091231013C47EC1 /* Copy Pods Resources */,
			);
			buildRules = (
			);
			dependencies = (
			);
			name = Dine;
			productName = Dine;
			productReference = C6EE090F1C906F6200345357 /* Dine.app */;
			productType = "com.apple.product-type.application";
		};
/* End PBXNativeTarget section */

/* Begin PBXProject section */
		C6EE09071C906F6200345357 /* Project object */ = {
			isa = PBXProject;
			attributes = {
				LastSwiftUpdateCheck = 0720;
				LastUpgradeCheck = 0720;
				ORGANIZATIONNAME = YYZ;
				TargetAttributes = {
					C6EE090E1C906F6200345357 = {
						CreatedOnToolsVersion = 7.2.1;
						DevelopmentTeam = 5H9S37TQFY;
						SystemCapabilities = {
							com.apple.BackgroundModes = {
								enabled = 0;
							};
						};
					};
				};
			};
			buildConfigurationList = C6EE090A1C906F6200345357 /* Build configuration list for PBXProject "Dine" */;
			compatibilityVersion = "Xcode 3.2";
			developmentRegion = English;
			hasScannedForEncodings = 0;
			knownRegions = (
				en,
				Base,
			);
			mainGroup = C6EE09061C906F6200345357;
			productRefGroup = C6EE09101C906F6200345357 /* Products */;
			projectDirPath = "";
			projectRoot = "";
			targets = (
				C6EE090E1C906F6200345357 /* Dine */,
			);
		};
/* End PBXProject section */

/* Begin PBXResourcesBuildPhase section */
		C6EE090D1C906F6200345357 /* Resources */ = {
			isa = PBXResourcesBuildPhase;
			buildActionMask = 2147483647;
			files = (
				3BA5970B1CAC7E2500D0E6C7 /* ChatView.storyboard in Resources */,
				C1AF836B1CA3BF6900E634E3 /* SignInSignOut.storyboard in Resources */,
				C62937EE1CAF20BD00E46009 /* GroupChatView.storyboard in Resources */,
				C1AF83721CA3C2D100E634E3 /* FriendList.storyboard in Resources */,
				3BA5970F1CAC7F1F00D0E6C7 /* MemberMessageCell.xib in Resources */,
				C6EE09421C972A5700345357 /* SidebarMenuHeaderView.xib in Resources */,
				C62937F11CAF230700E46009 /* Main.storyboard in Resources */,
				C1A474C21CA723D800141692 /* NotificationCell.xib in Resources */,
				3BA597131CAC835F00D0E6C7 /* SelfMessageCell.xib in Resources */,
				C6EE091D1C906F6200345357 /* LaunchScreen.storyboard in Resources */,
				C6EE091A1C906F6200345357 /* Assets.xcassets in Resources */,
				3BA597191CACA32600D0E6C7 /* ActivityProfileViewController.storyboard in Resources */,
				C6EE09321C960EDA00345357 /* MapDetailView.xib in Resources */,
				C1AF836D1CA3C17400E634E3 /* ActvitityCreater.storyboard in Resources */,
				C1AF837A1CA3C48400E634E3 /* UserProfile.storyboard in Resources */,
				C1AF837C1CA3C49100E634E3 /* Sidebar.storyboard in Resources */,
				C1A474BA1CA71C3500141692 /* Notifications.storyboard in Resources */,
			);
			runOnlyForDeploymentPostprocessing = 0;
		};
/* End PBXResourcesBuildPhase section */

/* Begin PBXShellScriptBuildPhase section */
		9930A2828525CF5EF3789656 /* Check Pods Manifest.lock */ = {
			isa = PBXShellScriptBuildPhase;
			buildActionMask = 2147483647;
			files = (
			);
			inputPaths = (
			);
			name = "Check Pods Manifest.lock";
			outputPaths = (
			);
			runOnlyForDeploymentPostprocessing = 0;
			shellPath = /bin/sh;
			shellScript = "diff \"${PODS_ROOT}/../Podfile.lock\" \"${PODS_ROOT}/Manifest.lock\" > /dev/null\nif [[ $? != 0 ]] ; then\n    cat << EOM\nerror: The sandbox is not in sync with the Podfile.lock. Run 'pod install' or update your CocoaPods installation.\nEOM\n    exit 1\nfi\n";
			showEnvVarsInLog = 0;
		};
		DB9C6788AEAB912DF89EFFB0 /* Embed Pods Frameworks */ = {
			isa = PBXShellScriptBuildPhase;
			buildActionMask = 2147483647;
			files = (
			);
			inputPaths = (
			);
			name = "Embed Pods Frameworks";
			outputPaths = (
			);
			runOnlyForDeploymentPostprocessing = 0;
			shellPath = /bin/sh;
			shellScript = "\"${SRCROOT}/Pods/Target Support Files/Pods-Dine/Pods-Dine-frameworks.sh\"\n";
			showEnvVarsInLog = 0;
		};
		F111BE7DB091231013C47EC1 /* Copy Pods Resources */ = {
			isa = PBXShellScriptBuildPhase;
			buildActionMask = 2147483647;
			files = (
			);
			inputPaths = (
			);
			name = "Copy Pods Resources";
			outputPaths = (
			);
			runOnlyForDeploymentPostprocessing = 0;
			shellPath = /bin/sh;
			shellScript = "\"${SRCROOT}/Pods/Target Support Files/Pods-Dine/Pods-Dine-resources.sh\"\n";
			showEnvVarsInLog = 0;
		};
/* End PBXShellScriptBuildPhase section */

/* Begin PBXSourcesBuildPhase section */
		C6EE090B1C906F6200345357 /* Sources */ = {
			isa = PBXSourcesBuildPhase;
			buildActionMask = 2147483647;
			files = (
				C62937EB1CAF19F800E46009 /* UIApplication.swift in Sources */,
				C63113581CA457AF00C66952 /* RestaurantCell.swift in Sources */,
				C6EE09481C975F1200345357 /* ActivityProfileCell.swift in Sources */,
				C12EB7DB1CA878AC004B80DF /* YYZAcceptButton.swift in Sources */,
				C6EE094E1C97754A00345357 /* RestaurantDetailViewController.swift in Sources */,
				C1F9785A1C97BDBF007CE2A3 /* ViewExt.swift in Sources */,
				C127F5701CA3885700D40088 /* Message.swift in Sources */,
				C6EE09461C974EF100345357 /* ActivityProfileViewController.swift in Sources */,
				C6913BC51CA306FC00115AF2 /* FriendCell.swift in Sources */,
				C62937E91CAF183900E46009 /* UIViewController.swift in Sources */,
				3BD848B11CA0F8F200E40A8B /* Invitation.swift in Sources */,
				C6EE093E1C97207A00345357 /* SidebarMenuViewController.swift in Sources */,
				C631135A1CA48F2A00C66952 /* RestaurantProfileCell.swift in Sources */,
				C63113561CA4579200C66952 /* Business.swift in Sources */,
				C6EE09441C9742C200345357 /* UserProfileViewController.swift in Sources */,
				C6EE09301C960ECA00345357 /* MapDetailView.swift in Sources */,
				3BD848AF1CA0F21F00E40A8B /* Group.swift in Sources */,
				C1D04F5F1C9E306E003EB3C9 /* SignUpNameViewController.swift in Sources */,
				C17AABE61C9851E200CC83CF /* YYZButton.swift in Sources */,
				C1A474C11CA723D800141692 /* NotificationCell.swift in Sources */,
				C6EE094C1C976D1A00345357 /* RestaurantPickerViewController.swift in Sources */,
				C1D04F5D1C9E3056003EB3C9 /* SignUpPasswordViewController.swift in Sources */,
				C63113631CA4B6C400C66952 /* ActivityCreatorViewController.swift in Sources */,
				C67FF47A1CAC2E9500EB256A /* Route.swift in Sources */,
				C17AABE41C984EA100CC83CF /* YYZTextField.swift in Sources */,
				C17AABDD1C97E6B900CC83CF /* User.swift in Sources */,
				C127F5721CA394AD00D40088 /* GroupMember.swift in Sources */,
				C6EE093C1C96355600345357 /* FriendsViewController.swift in Sources */,
				C6EE092A1C94B87700345357 /* EmailSignupViewController.swift in Sources */,
				C67FF4781CAC264800EB256A /* GoogleDirectionsAPI.swift in Sources */,
				C62937E51CAF097700E46009 /* ContainerViewController.swift in Sources */,
				C17424861C9789D400125377 /* ColorTheme.swift in Sources */,
				C6EE09281C94B81500345357 /* LoginViewController.swift in Sources */,
				C63113541CA4578400C66952 /* YelpClient.swift in Sources */,
				3B87EC291CA77D8D0045AF18 /* SearchFriendCell.swift in Sources */,
				C6913BE51CA3B93A00115AF2 /* RequestCell.swift in Sources */,
				C6EE09401C972A4200345357 /* SidebarMenuHeaderView.swift in Sources */,
				C631135C1CA48F3D00C66952 /* RestaurantReviewCell.swift in Sources */,
				C6EE09131C906F6200345357 /* AppDelegate.swift in Sources */,
				C6EE092C1C96038700345357 /* MapViewController.swift in Sources */,
				3BF4D2721CA73A1000126A91 /* AddFriendViewController.swift in Sources */,
				3BA5970E1CAC7F1F00D0E6C7 /* MemberMessageCell.swift in Sources */,
				C17AABE01C984A7500CC83CF /* ParseAPI.swift in Sources */,
				C6EE09341C960EFB00345357 /* MapAnnotation.swift in Sources */,
				C1D04F661C9E626C003EB3C9 /* SignUpViewController.swift in Sources */,
				C63113601CA4A59700C66952 /* MapCell.swift in Sources */,
				C1A474C41CA72A3800141692 /* NotificationViewController.swift in Sources */,
				C1A474C61CA72B0400141692 /* Notification.swift in Sources */,
				3BD848AD1CA0EF2700E40A8B /* Activity.swift in Sources */,
				C6EE094A1C975F7F00345357 /* ChatViewController.swift in Sources */,
				C6EE09361C96272900345357 /* CheckButton.swift in Sources */,
				3BA597121CAC835F00D0E6C7 /* SelfMessageCell.swift in Sources */,
			);
			runOnlyForDeploymentPostprocessing = 0;
		};
/* End PBXSourcesBuildPhase section */

/* Begin PBXVariantGroup section */
		3BA597091CAC7E2500D0E6C7 /* ChatView.storyboard */ = {
			isa = PBXVariantGroup;
			children = (
				3BA5970A1CAC7E2500D0E6C7 /* Base */,
			);
			name = ChatView.storyboard;
			sourceTree = "<group>";
		};
		3BA597171CACA32600D0E6C7 /* ActivityProfileViewController.storyboard */ = {
			isa = PBXVariantGroup;
			children = (
				3BA597181CACA32600D0E6C7 /* Base */,
			);
			name = ActivityProfileViewController.storyboard;
			sourceTree = "<group>";
		};
		C1AF83691CA3BF6900E634E3 /* SignInSignOut.storyboard */ = {
			isa = PBXVariantGroup;
			children = (
				C1AF836A1CA3BF6900E634E3 /* Base */,
			);
			name = SignInSignOut.storyboard;
			sourceTree = "<group>";
		};
		C1AF83781CA3C48400E634E3 /* UserProfile.storyboard */ = {
			isa = PBXVariantGroup;
			children = (
				C1AF83791CA3C48400E634E3 /* Base */,
			);
			name = UserProfile.storyboard;
			sourceTree = "<group>";
		};
		C62937EC1CAF20BD00E46009 /* GroupChatView.storyboard */ = {
			isa = PBXVariantGroup;
			children = (
				C62937ED1CAF20BD00E46009 /* Base */,
			);
			name = GroupChatView.storyboard;
			sourceTree = "<group>";
		};
		C62937EF1CAF230700E46009 /* Main.storyboard */ = {
			isa = PBXVariantGroup;
			children = (
				C62937F01CAF230700E46009 /* Base */,
			);
			name = Main.storyboard;
			sourceTree = "<group>";
		};
		C6EE091B1C906F6200345357 /* LaunchScreen.storyboard */ = {
			isa = PBXVariantGroup;
			children = (
				C6EE091C1C906F6200345357 /* Base */,
			);
			name = LaunchScreen.storyboard;
			sourceTree = "<group>";
		};
/* End PBXVariantGroup section */

/* Begin XCBuildConfiguration section */
		C6EE091F1C906F6200345357 /* Debug */ = {
			isa = XCBuildConfiguration;
			buildSettings = {
				ALWAYS_SEARCH_USER_PATHS = NO;
				CLANG_ALLOW_NON_MODULAR_INCLUDES_IN_FRAMEWORK_MODULES = NO;
				CLANG_CXX_LANGUAGE_STANDARD = "gnu++0x";
				CLANG_CXX_LIBRARY = "libc++";
				CLANG_ENABLE_MODULES = YES;
				CLANG_ENABLE_OBJC_ARC = YES;
				CLANG_WARN_BOOL_CONVERSION = YES;
				CLANG_WARN_CONSTANT_CONVERSION = YES;
				CLANG_WARN_DIRECT_OBJC_ISA_USAGE = YES_ERROR;
				CLANG_WARN_EMPTY_BODY = YES;
				CLANG_WARN_ENUM_CONVERSION = YES;
				CLANG_WARN_INT_CONVERSION = YES;
				CLANG_WARN_OBJC_ROOT_CLASS = YES_ERROR;
				CLANG_WARN_UNREACHABLE_CODE = YES;
				CLANG_WARN__DUPLICATE_METHOD_MATCH = YES;
				"CODE_SIGN_IDENTITY[sdk=iphoneos*]" = "iPhone Developer";
				COPY_PHASE_STRIP = NO;
				DEBUG_INFORMATION_FORMAT = dwarf;
				ENABLE_STRICT_OBJC_MSGSEND = YES;
				ENABLE_TESTABILITY = YES;
				GCC_C_LANGUAGE_STANDARD = gnu99;
				GCC_DYNAMIC_NO_PIC = NO;
				GCC_NO_COMMON_BLOCKS = YES;
				GCC_OPTIMIZATION_LEVEL = 0;
				GCC_PREPROCESSOR_DEFINITIONS = (
					"DEBUG=1",
					"$(inherited)",
				);
				GCC_WARN_64_TO_32_BIT_CONVERSION = YES;
				GCC_WARN_ABOUT_RETURN_TYPE = YES_ERROR;
				GCC_WARN_UNDECLARED_SELECTOR = YES;
				GCC_WARN_UNINITIALIZED_AUTOS = YES_AGGRESSIVE;
				GCC_WARN_UNUSED_FUNCTION = YES;
				GCC_WARN_UNUSED_VARIABLE = YES;
				IPHONEOS_DEPLOYMENT_TARGET = 9.2;
				MTL_ENABLE_DEBUG_INFO = YES;
				ONLY_ACTIVE_ARCH = YES;
				SDKROOT = iphoneos;
				SWIFT_OPTIMIZATION_LEVEL = "-Onone";
			};
			name = Debug;
		};
		C6EE09201C906F6200345357 /* Release */ = {
			isa = XCBuildConfiguration;
			buildSettings = {
				ALWAYS_SEARCH_USER_PATHS = NO;
				CLANG_ALLOW_NON_MODULAR_INCLUDES_IN_FRAMEWORK_MODULES = NO;
				CLANG_CXX_LANGUAGE_STANDARD = "gnu++0x";
				CLANG_CXX_LIBRARY = "libc++";
				CLANG_ENABLE_MODULES = YES;
				CLANG_ENABLE_OBJC_ARC = YES;
				CLANG_WARN_BOOL_CONVERSION = YES;
				CLANG_WARN_CONSTANT_CONVERSION = YES;
				CLANG_WARN_DIRECT_OBJC_ISA_USAGE = YES_ERROR;
				CLANG_WARN_EMPTY_BODY = YES;
				CLANG_WARN_ENUM_CONVERSION = YES;
				CLANG_WARN_INT_CONVERSION = YES;
				CLANG_WARN_OBJC_ROOT_CLASS = YES_ERROR;
				CLANG_WARN_UNREACHABLE_CODE = YES;
				CLANG_WARN__DUPLICATE_METHOD_MATCH = YES;
				"CODE_SIGN_IDENTITY[sdk=iphoneos*]" = "iPhone Developer";
				COPY_PHASE_STRIP = NO;
				DEBUG_INFORMATION_FORMAT = "dwarf-with-dsym";
				ENABLE_NS_ASSERTIONS = NO;
				ENABLE_STRICT_OBJC_MSGSEND = YES;
				GCC_C_LANGUAGE_STANDARD = gnu99;
				GCC_NO_COMMON_BLOCKS = YES;
				GCC_WARN_64_TO_32_BIT_CONVERSION = YES;
				GCC_WARN_ABOUT_RETURN_TYPE = YES_ERROR;
				GCC_WARN_UNDECLARED_SELECTOR = YES;
				GCC_WARN_UNINITIALIZED_AUTOS = YES_AGGRESSIVE;
				GCC_WARN_UNUSED_FUNCTION = YES;
				GCC_WARN_UNUSED_VARIABLE = YES;
				IPHONEOS_DEPLOYMENT_TARGET = 9.2;
				MTL_ENABLE_DEBUG_INFO = NO;
				SDKROOT = iphoneos;
				VALIDATE_PRODUCT = YES;
			};
			name = Release;
		};
		C6EE09221C906F6200345357 /* Debug */ = {
			isa = XCBuildConfiguration;
			baseConfigurationReference = 1339928E4EE71C5793830748 /* Pods-Dine.debug.xcconfig */;
			buildSettings = {
				ASSETCATALOG_COMPILER_APPICON_NAME = AppIcon;
				CLANG_ENABLE_MODULES = YES;
				CODE_SIGN_IDENTITY = "iPhone Developer";
				"CODE_SIGN_IDENTITY[sdk=iphoneos*]" = "iPhone Developer";
				INFOPLIST_FILE = Dine/Info.plist;
				IPHONEOS_DEPLOYMENT_TARGET = 9.1;
				LD_RUNPATH_SEARCH_PATHS = "$(inherited) @executable_path/Frameworks";
				PRODUCT_BUNDLE_IDENTIFIER = com.youwu.Dine;
				PRODUCT_NAME = "$(TARGET_NAME)";
				PROVISIONING_PROFILE = "";
				SWIFT_OBJC_BRIDGING_HEADER = "Dine-Bridging-Header.h";
				SWIFT_OPTIMIZATION_LEVEL = "-Onone";
				"USER_HEADER_SEARCH_PATHS[arch=*]" = "\"${PODS_ROOT}/\" with recursive";
			};
			name = Debug;
		};
		C6EE09231C906F6200345357 /* Release */ = {
			isa = XCBuildConfiguration;
			baseConfigurationReference = C6A3071F68AFEDB657083F9B /* Pods-Dine.release.xcconfig */;
			buildSettings = {
				ASSETCATALOG_COMPILER_APPICON_NAME = AppIcon;
				CLANG_ENABLE_MODULES = YES;
				CODE_SIGN_IDENTITY = "iPhone Developer";
				"CODE_SIGN_IDENTITY[sdk=iphoneos*]" = "iPhone Developer";
				INFOPLIST_FILE = Dine/Info.plist;
				IPHONEOS_DEPLOYMENT_TARGET = 9.1;
				LD_RUNPATH_SEARCH_PATHS = "$(inherited) @executable_path/Frameworks";
				PRODUCT_BUNDLE_IDENTIFIER = com.youwu.Dine;
				PRODUCT_NAME = "$(TARGET_NAME)";
				PROVISIONING_PROFILE = "";
				SWIFT_OBJC_BRIDGING_HEADER = "Dine-Bridging-Header.h";
				"USER_HEADER_SEARCH_PATHS[arch=*]" = "\"${PODS_ROOT}/\" with recursive";
			};
			name = Release;
		};
/* End XCBuildConfiguration section */

/* Begin XCConfigurationList section */
		C6EE090A1C906F6200345357 /* Build configuration list for PBXProject "Dine" */ = {
			isa = XCConfigurationList;
			buildConfigurations = (
				C6EE091F1C906F6200345357 /* Debug */,
				C6EE09201C906F6200345357 /* Release */,
			);
			defaultConfigurationIsVisible = 0;
			defaultConfigurationName = Release;
		};
		C6EE09211C906F6200345357 /* Build configuration list for PBXNativeTarget "Dine" */ = {
			isa = XCConfigurationList;
			buildConfigurations = (
				C6EE09221C906F6200345357 /* Debug */,
				C6EE09231C906F6200345357 /* Release */,
			);
			defaultConfigurationIsVisible = 0;
			defaultConfigurationName = Release;
		};
/* End XCConfigurationList section */
	};
	rootObject = C6EE09071C906F6200345357 /* Project object */;
}
